
Microsoft Visual Studio Solution File, Format Version 12.00
# Visual Studio Version 16
VisualStudioVersion = 16.0.29519.87
MinimumVisualStudioVersion = 10.0.40219.1
Project("{FAE04EC0-301F-11D3-BF4B-00C04F79EFBC}") = "Ejerc_01", "Ejerc_01\Ejerc_01.csproj", "{1F654C83-452E-4EA7-AD1A-DF3AEFAECD17}"
EndProject
Global
	GlobalSection(SolutionConfigurationPlatforms) = preSolution
		Debug|Any CPU = Debug|Any CPU
		Release|Any CPU = Release|Any CPU
	EndGlobalSection
	GlobalSection(ProjectConfigurationPlatforms) = postSolution
		{1F654C83-452E-4EA7-AD1A-DF3AEFAECD17}.Debug|Any CPU.ActiveCfg = Debug|Any CPU
		{1F654C83-452E-4EA7-AD1A-DF3AEFAECD17}.Debug|Any CPU.Build.0 = Debug|Any CPU
		{1F654C83-452E-4EA7-AD1A-DF3AEFAECD17}.Release|Any CPU.ActiveCfg = Release|Any CPU
		{1F654C83-452E-4EA7-AD1A-DF3AEFAECD17}.Release|Any CPU.Build.0 = Release|Any CPU
	EndGlobalSection
	GlobalSection(SolutionProperties) = preSolution
		HideSolutionNode = FALSE
	EndGlobalSection
	GlobalSection(ExtensibilityGlobals) = postSolution
		SolutionGuid = {B35429C9-0EB9-4F3A-AFA1-7D34FC8BE12B}
	EndGlobalSection
EndGlobal
