
Microsoft Visual Studio Solution File, Format Version 12.00
# Visual Studio Version 16
VisualStudioVersion = 16.0.29519.87
MinimumVisualStudioVersion = 10.0.40219.1
Project("{FAE04EC0-301F-11D3-BF4B-00C04F79EFBC}") = "Ejer_02", "Ejer_02\Ejer_02.csproj", "{635C0B02-7C9E-44F3-BA2D-E75C02952B7E}"
EndProject
Global
	GlobalSection(SolutionConfigurationPlatforms) = preSolution
		Debug|Any CPU = Debug|Any CPU
		Release|Any CPU = Release|Any CPU
	EndGlobalSection
	GlobalSection(ProjectConfigurationPlatforms) = postSolution
		{635C0B02-7C9E-44F3-BA2D-E75C02952B7E}.Debug|Any CPU.ActiveCfg = Debug|Any CPU
		{635C0B02-7C9E-44F3-BA2D-E75C02952B7E}.Debug|Any CPU.Build.0 = Debug|Any CPU
		{635C0B02-7C9E-44F3-BA2D-E75C02952B7E}.Release|Any CPU.ActiveCfg = Release|Any CPU
		{635C0B02-7C9E-44F3-BA2D-E75C02952B7E}.Release|Any CPU.Build.0 = Release|Any CPU
	EndGlobalSection
	GlobalSection(SolutionProperties) = preSolution
		HideSolutionNode = FALSE
	EndGlobalSection
	GlobalSection(ExtensibilityGlobals) = postSolution
		SolutionGuid = {31E06AEC-E20A-4B01-809C-D9E925080111}
	EndGlobalSection
EndGlobal
