
Microsoft Visual Studio Solution File, Format Version 12.00
# Visual Studio Version 16
VisualStudioVersion = 16.0.29519.87
MinimumVisualStudioVersion = 10.0.40219.1
Project("{FAE04EC0-301F-11D3-BF4B-00C04F79EFBC}") = "Ejerc_01", "Ejerc_01\Ejerc_01.csproj", "{8C741741-FBE0-4EE7-97C0-C172633725D5}"
EndProject
Global
	GlobalSection(SolutionConfigurationPlatforms) = preSolution
		Debug|Any CPU = Debug|Any CPU
		Release|Any CPU = Release|Any CPU
	EndGlobalSection
	GlobalSection(ProjectConfigurationPlatforms) = postSolution
		{8C741741-FBE0-4EE7-97C0-C172633725D5}.Debug|Any CPU.ActiveCfg = Debug|Any CPU
		{8C741741-FBE0-4EE7-97C0-C172633725D5}.Debug|Any CPU.Build.0 = Debug|Any CPU
		{8C741741-FBE0-4EE7-97C0-C172633725D5}.Release|Any CPU.ActiveCfg = Release|Any CPU
		{8C741741-FBE0-4EE7-97C0-C172633725D5}.Release|Any CPU.Build.0 = Release|Any CPU
	EndGlobalSection
	GlobalSection(SolutionProperties) = preSolution
		HideSolutionNode = FALSE
	EndGlobalSection
	GlobalSection(ExtensibilityGlobals) = postSolution
		SolutionGuid = {A04D10B9-AC72-435F-9230-C87640BCC2F7}
	EndGlobalSection
EndGlobal
