
Microsoft Visual Studio Solution File, Format Version 12.00
# Visual Studio Version 16
VisualStudioVersion = 16.0.29519.87
MinimumVisualStudioVersion = 10.0.40219.1
Project("{FAE04EC0-301F-11D3-BF4B-00C04F79EFBC}") = "Ejer_03", "Ejer_03\Ejer_03.csproj", "{9669747A-5B03-425C-AAE4-9347460740DB}"
EndProject
Global
	GlobalSection(SolutionConfigurationPlatforms) = preSolution
		Debug|Any CPU = Debug|Any CPU
		Release|Any CPU = Release|Any CPU
	EndGlobalSection
	GlobalSection(ProjectConfigurationPlatforms) = postSolution
		{9669747A-5B03-425C-AAE4-9347460740DB}.Debug|Any CPU.ActiveCfg = Debug|Any CPU
		{9669747A-5B03-425C-AAE4-9347460740DB}.Debug|Any CPU.Build.0 = Debug|Any CPU
		{9669747A-5B03-425C-AAE4-9347460740DB}.Release|Any CPU.ActiveCfg = Release|Any CPU
		{9669747A-5B03-425C-AAE4-9347460740DB}.Release|Any CPU.Build.0 = Release|Any CPU
	EndGlobalSection
	GlobalSection(SolutionProperties) = preSolution
		HideSolutionNode = FALSE
	EndGlobalSection
	GlobalSection(ExtensibilityGlobals) = postSolution
		SolutionGuid = {1B4E1457-380C-41AA-A203-8F8EA7727A4B}
	EndGlobalSection
EndGlobal
